
Microsoft Visual Studio Solution File, Format Version 12.00
# Visual Studio Version 17
VisualStudioVersion = 17.14.36518.9
MinimumVisualStudioVersion = 10.0.40219.1
Project("{2150E333-8FDC-42A3-9474-1A3956D46DE8}") = "Backend", "Backend", "{36D591C7-65C7-A0D1-1CBC-10CDE441BDC8}"
EndProject
Project("{2150E333-8FDC-42A3-9474-1A3956D46DE8}") = "UserService", "UserService", "{465CBD9F-CFE8-4A2C-ABEA-CDFF4D32B6AA}"
EndProject
Project("{2150E333-8FDC-42A3-9474-1A3956D46DE8}") = "ProductService", "ProductService", "{D6348B40-C653-4E4B-A65E-28B0FBA8B501}"
EndProject
Project("{2150E333-8FDC-42A3-9474-1A3956D46DE8}") = "src", "src", "{B24F7BA2-FB46-4184-96FD-D00C9EBF47CF}"
EndProject
Project("{2150E333-8FDC-42A3-9474-1A3956D46DE8}") = "tests", "tests", "{9D0AD57D-26E9-4D1B-BB52-6E9E741B2F1F}"
EndProject
Project("{FAE04EC0-301F-11D3-BF4B-00C04F79EFBC}") = "ProductService.Domain", "Backend\ProductService\src\ProductService.Domain\ProductService.Domain.csproj", "{5D27A431-9659-4E47-9E01-F6B25322C9C8}"
EndProject
Project("{FAE04EC0-301F-11D3-BF4B-00C04F79EFBC}") = "ProductService.Application", "Backend\ProductService\src\ProductService.Application\ProductService.Application.csproj", "{BF6CAC1B-5692-4FD6-8C24-DD900A29FE6B}"
EndProject
Project("{FAE04EC0-301F-11D3-BF4B-00C04F79EFBC}") = "ProductService.Infrastructure", "Backend\ProductService\src\ProductService.Infrastructure\ProductService.Infrastructure.csproj", "{745D2E66-0086-4FF5-A0F2-A0E8C99256A3}"
EndProject
Project("{FAE04EC0-301F-11D3-BF4B-00C04F79EFBC}") = "ProductService.API", "Backend\ProductService\src\ProductService.API\ProductService.API.csproj", "{C4D24311-56B3-4F38-BB07-7A4E3890E36B}"
EndProject
Project("{2150E333-8FDC-42A3-9474-1A3956D46DE8}") = "src", "src", "{3DDD942B-872E-460B-8C42-5DA5AFA4B56E}"
EndProject
Project("{2150E333-8FDC-42A3-9474-1A3956D46DE8}") = "tests", "tests", "{EEB76AF9-FD66-46F3-AA0D-797BFEEA5186}"
EndProject
Project("{FAE04EC0-301F-11D3-BF4B-00C04F79EFBC}") = "UserService.Domain", "Backend\UserService\src\UserService.Domain\UserService.Domain.csproj", "{FAFD8717-5D3A-433E-ACFE-D23028EC1E28}"
EndProject
Project("{FAE04EC0-301F-11D3-BF4B-00C04F79EFBC}") = "UserService.Application", "Backend\UserService\src\UserService.Application\UserService.Application.csproj", "{2EB9E73D-EB90-4752-9920-B4D56A054AA0}"
EndProject
Project("{FAE04EC0-301F-11D3-BF4B-00C04F79EFBC}") = "UserService.Infrastructure", "Backend\UserService\src\UserService.Infrastructure\UserService.Infrastructure.csproj", "{0C3BE986-4306-4BE0-8446-579CF43CD2B0}"
EndProject
Project("{FAE04EC0-301F-11D3-BF4B-00C04F79EFBC}") = "UserService.API", "Backend\UserService\src\UserService.API\UserService.API.csproj", "{AEBA703C-BE02-4332-B757-10A9909E285A}"
EndProject
Project("{FAE04EC0-301F-11D3-BF4B-00C04F79EFBC}") = "UserService.UnitTests", "Backend\UserService\tests\UserService.UnitTests\UserService.UnitTests.csproj", "{16C117FE-33A5-415A-9138-D5B80F8D77FC}"
EndProject
Global
	GlobalSection(SolutionConfigurationPlatforms) = preSolution
		Debug|Any CPU = Debug|Any CPU
		Release|Any CPU = Release|Any CPU
	EndGlobalSection
	GlobalSection(ProjectConfigurationPlatforms) = postSolution
		{5D27A431-9659-4E47-9E01-F6B25322C9C8}.Debug|Any CPU.ActiveCfg = Debug|Any CPU
		{5D27A431-9659-4E47-9E01-F6B25322C9C8}.Debug|Any CPU.Build.0 = Debug|Any CPU
		{5D27A431-9659-4E47-9E01-F6B25322C9C8}.Release|Any CPU.ActiveCfg = Release|Any CPU
		{5D27A431-9659-4E47-9E01-F6B25322C9C8}.Release|Any CPU.Build.0 = Release|Any CPU
		{BF6CAC1B-5692-4FD6-8C24-DD900A29FE6B}.Debug|Any CPU.ActiveCfg = Debug|Any CPU
		{BF6CAC1B-5692-4FD6-8C24-DD900A29FE6B}.Debug|Any CPU.Build.0 = Debug|Any CPU
		{BF6CAC1B-5692-4FD6-8C24-DD900A29FE6B}.Release|Any CPU.ActiveCfg = Release|Any CPU
		{BF6CAC1B-5692-4FD6-8C24-DD900A29FE6B}.Release|Any CPU.Build.0 = Release|Any CPU
		{745D2E66-0086-4FF5-A0F2-A0E8C99256A3}.Debug|Any CPU.ActiveCfg = Debug|Any CPU
		{745D2E66-0086-4FF5-A0F2-A0E8C99256A3}.Debug|Any CPU.Build.0 = Debug|Any CPU
		{745D2E66-0086-4FF5-A0F2-A0E8C99256A3}.Release|Any CPU.ActiveCfg = Release|Any CPU
		{745D2E66-0086-4FF5-A0F2-A0E8C99256A3}.Release|Any CPU.Build.0 = Release|Any CPU
		{C4D24311-56B3-4F38-BB07-7A4E3890E36B}.Debug|Any CPU.ActiveCfg = Debug|Any CPU
		{C4D24311-56B3-4F38-BB07-7A4E3890E36B}.Debug|Any CPU.Build.0 = Debug|Any CPU
		{C4D24311-56B3-4F38-BB07-7A4E3890E36B}.Release|Any CPU.ActiveCfg = Release|Any CPU
		{C4D24311-56B3-4F38-BB07-7A4E3890E36B}.Release|Any CPU.Build.0 = Release|Any CPU
		{FAFD8717-5D3A-433E-ACFE-D23028EC1E28}.Debug|Any CPU.ActiveCfg = Debug|Any CPU
		{FAFD8717-5D3A-433E-ACFE-D23028EC1E28}.Debug|Any CPU.Build.0 = Debug|Any CPU
		{FAFD8717-5D3A-433E-ACFE-D23028EC1E28}.Release|Any CPU.ActiveCfg = Release|Any CPU
		{FAFD8717-5D3A-433E-ACFE-D23028EC1E28}.Release|Any CPU.Build.0 = Release|Any CPU
		{2EB9E73D-EB90-4752-9920-B4D56A054AA0}.Debug|Any CPU.ActiveCfg = Debug|Any CPU
		{2EB9E73D-EB90-4752-9920-B4D56A054AA0}.Debug|Any CPU.Build.0 = Debug|Any CPU
		{2EB9E73D-EB90-4752-9920-B4D56A054AA0}.Release|Any CPU.ActiveCfg = Release|Any CPU
		{2EB9E73D-EB90-4752-9920-B4D56A054AA0}.Release|Any CPU.Build.0 = Release|Any CPU
		{0C3BE986-4306-4BE0-8446-579CF43CD2B0}.Debug|Any CPU.ActiveCfg = Debug|Any CPU
		{0C3BE986-4306-4BE0-8446-579CF43CD2B0}.Debug|Any CPU.Build.0 = Debug|Any CPU
		{0C3BE986-4306-4BE0-8446-579CF43CD2B0}.Release|Any CPU.ActiveCfg = Release|Any CPU
		{0C3BE986-4306-4BE0-8446-579CF43CD2B0}.Release|Any CPU.Build.0 = Release|Any CPU
		{AEBA703C-BE02-4332-B757-10A9909E285A}.Debug|Any CPU.ActiveCfg = Debug|Any CPU
		{AEBA703C-BE02-4332-B757-10A9909E285A}.Debug|Any CPU.Build.0 = Debug|Any CPU
		{AEBA703C-BE02-4332-B757-10A9909E285A}.Release|Any CPU.ActiveCfg = Release|Any CPU
		{AEBA703C-BE02-4332-B757-10A9909E285A}.Release|Any CPU.Build.0 = Release|Any CPU
		{16C117FE-33A5-415A-9138-D5B80F8D77FC}.Debug|Any CPU.ActiveCfg = Debug|Any CPU
		{16C117FE-33A5-415A-9138-D5B80F8D77FC}.Debug|Any CPU.Build.0 = Debug|Any CPU
		{16C117FE-33A5-415A-9138-D5B80F8D77FC}.Release|Any CPU.ActiveCfg = Release|Any CPU
		{16C117FE-33A5-415A-9138-D5B80F8D77FC}.Release|Any CPU.Build.0 = Release|Any CPU
	EndGlobalSection
	GlobalSection(SolutionProperties) = preSolution
		HideSolutionNode = FALSE
	EndGlobalSection
	GlobalSection(NestedProjects) = preSolution
		{465CBD9F-CFE8-4A2C-ABEA-CDFF4D32B6AA} = {36D591C7-65C7-A0D1-1CBC-10CDE441BDC8}
		{D6348B40-C653-4E4B-A65E-28B0FBA8B501} = {36D591C7-65C7-A0D1-1CBC-10CDE441BDC8}
		{B24F7BA2-FB46-4184-96FD-D00C9EBF47CF} = {D6348B40-C653-4E4B-A65E-28B0FBA8B501}
		{9D0AD57D-26E9-4D1B-BB52-6E9E741B2F1F} = {D6348B40-C653-4E4B-A65E-28B0FBA8B501}
		{5D27A431-9659-4E47-9E01-F6B25322C9C8} = {B24F7BA2-FB46-4184-96FD-D00C9EBF47CF}
		{BF6CAC1B-5692-4FD6-8C24-DD900A29FE6B} = {B24F7BA2-FB46-4184-96FD-D00C9EBF47CF}
		{745D2E66-0086-4FF5-A0F2-A0E8C99256A3} = {B24F7BA2-FB46-4184-96FD-D00C9EBF47CF}
		{C4D24311-56B3-4F38-BB07-7A4E3890E36B} = {B24F7BA2-FB46-4184-96FD-D00C9EBF47CF}
		{3DDD942B-872E-460B-8C42-5DA5AFA4B56E} = {465CBD9F-CFE8-4A2C-ABEA-CDFF4D32B6AA}
		{EEB76AF9-FD66-46F3-AA0D-797BFEEA5186} = {465CBD9F-CFE8-4A2C-ABEA-CDFF4D32B6AA}
		{FAFD8717-5D3A-433E-ACFE-D23028EC1E28} = {3DDD942B-872E-460B-8C42-5DA5AFA4B56E}
		{2EB9E73D-EB90-4752-9920-B4D56A054AA0} = {3DDD942B-872E-460B-8C42-5DA5AFA4B56E}
		{0C3BE986-4306-4BE0-8446-579CF43CD2B0} = {3DDD942B-872E-460B-8C42-5DA5AFA4B56E}
		{AEBA703C-BE02-4332-B757-10A9909E285A} = {3DDD942B-872E-460B-8C42-5DA5AFA4B56E}
		{16C117FE-33A5-415A-9138-D5B80F8D77FC} = {EEB76AF9-FD66-46F3-AA0D-797BFEEA5186}
	EndGlobalSection
	GlobalSection(ExtensibilityGlobals) = postSolution
		SolutionGuid = {497B528F-81D6-482F-89D4-FE941816AFEB}
	EndGlobalSection
EndGlobal
